// !$*UTF8*$!
{
	archiveVersion = 1;
	classes = {
	};
	objectVersion = 77;
	objects = {

/* Begin PBXContainerItemProxy section */
		D9003EFD2EE62106004E9AF5 /* PBXContainerItemProxy */ = {
			isa = PBXContainerItemProxy;
			containerPortal = D9003EE22EE62106004E9AF5 /* Project object */;
			proxyType = 1;
			remoteGlobalIDString = D9003EE92EE62106004E9AF5;
			remoteInfo = onetwenty;
		};
		D9003F072EE62106004E9AF5 /* PBXContainerItemProxy */ = {
			isa = PBXContainerItemProxy;
			containerPortal = D9003EE22EE62106004E9AF5 /* Project object */;
			proxyType = 1;
			remoteGlobalIDString = D9003EE92EE62106004E9AF5;
			remoteInfo = onetwenty;
		};
/* End PBXContainerItemProxy section */

/* Begin PBXFileReference section */
		D9003EEA2EE62106004E9AF5 /* onetwenty.app */ = {isa = PBXFileReference; explicitFileType = wrapper.application; includeInIndex = 0; path = onetwenty.app; sourceTree = BUILT_PRODUCTS_DIR; };
		D9003EFC2EE62106004E9AF5 /* onetwentyTests.xctest */ = {isa = PBXFileReference; explicitFileType = wrapper.cfbundle; includeInIndex = 0; path = onetwentyTests.xctest; sourceTree = BUILT_PRODUCTS_DIR; };
		D9003F062EE62106004E9AF5 /* onetwentyUITests.xctest */ = {isa = PBXFileReference; explicitFileType = wrapper.cfbundle; includeInIndex = 0; path = onetwentyUITests.xctest; sourceTree = BUILT_PRODUCTS_DIR; };
/* End PBXFileReference section */

/* Begin PBXFileSystemSynchronizedRootGroup section */
		D9003EEC2EE62106004E9AF5 /* onetwenty */ = {
			isa = PBXFileSystemSynchronizedRootGroup;
			path = onetwenty;
			sourceTree = "<group>";
		};
		D9003EFF2EE62106004E9AF5 /* onetwentyTests */ = {
			isa = PBXFileSystemSynchronizedRootGroup;
			path = onetwentyTests;
			sourceTree = "<group>";
		};
		D9003F092EE62106004E9AF5 /* onetwentyUITests */ = {
			isa = PBXFileSystemSynchronizedRootGroup;
			path = onetwentyUITests;
			sourceTree = "<group>";
		};
/* End PBXFileSystemSynchronizedRootGroup section */

/* Begin PBXFrameworksBuildPhase section */
		D9003EE72EE62106004E9AF5 /* Frameworks */ = {
			isa = PBXFrameworksBuildPhase;
			buildActionMask = 2147483647;
			files = (
			);
			runOnlyForDeploymentPostprocessing = 0;
		};
		D9003EF92EE62106004E9AF5 /* Frameworks */ = {
			isa = PBXFrameworksBuildPhase;
			buildActionMask = 2147483647;
			files = (
			);
			runOnlyForDeploymentPostprocessing = 0;
		};
		D9003F032EE62106004E9AF5 /* Frameworks */ = {
			isa = PBXFrameworksBuildPhase;
			buildActionMask = 2147483647;
			files = (
			);
			runOnlyForDeploymentPostprocessing = 0;
		};
/* End PBXFrameworksBuildPhase section */

/* Begin PBXGroup section */
		D9003EE12EE62106004E9AF5 = {
			isa = PBXGroup;
			children = (
				D9003EEC2EE62106004E9AF5 /* onetwenty */,
				D9003EFF2EE62106004E9AF5 /* onetwentyTests */,
				D9003F092EE62106004E9AF5 /* onetwentyUITests */,
				D9003EEB2EE62106004E9AF5 /* Products */,
			);
			sourceTree = "<group>";
		};
		D9003EEB2EE62106004E9AF5 /* Products */ = {
			isa = PBXGroup;
			children = (
				D9003EEA2EE62106004E9AF5 /* onetwenty.app */,
				D9003EFC2EE62106004E9AF5 /* onetwentyTests.xctest */,
				D9003F062EE62106004E9AF5 /* onetwentyUITests.xctest */,
			);
			name = Products;
			sourceTree = "<group>";
		};
/* End PBXGroup section */

/* Begin PBXNativeTarget section */
		D9003EE92EE62106004E9AF5 /* onetwenty */ = {
			isa = PBXNativeTarget;
			buildConfigurationList = D9003F102EE62106004E9AF5 /* Build configuration list for PBXNativeTarget "onetwenty" */;
			buildPhases = (
				D9003EE62EE62106004E9AF5 /* Sources */,
				D9003EE72EE62106004E9AF5 /* Frameworks */,
				D9003EE82EE62106004E9AF5 /* Resources */,
			);
			buildRules = (
			);
			dependencies = (
			);
			fileSystemSynchronizedGroups = (
				D9003EEC2EE62106004E9AF5 /* onetwenty */,
			);
			name = onetwenty;
			packageProductDependencies = (
			);
			productName = onetwenty;
			productReference = D9003EEA2EE62106004E9AF5 /* onetwenty.app */;
			productType = "com.apple.product-type.application";
		};
		D9003EFB2EE62106004E9AF5 /* onetwentyTests */ = {
			isa = PBXNativeTarget;
			buildConfigurationList = D9003F132EE62106004E9AF5 /* Build configuration list for PBXNativeTarget "onetwentyTests" */;
			buildPhases = (
				D9003EF82EE62106004E9AF5 /* Sources */,
				D9003EF92EE62106004E9AF5 /* Frameworks */,
				D9003EFA2EE62106004E9AF5 /* Resources */,
			);
			buildRules = (
			);
			dependencies = (
				D9003EFE2EE62106004E9AF5 /* PBXTargetDependency */,
			);
			fileSystemSynchronizedGroups = (
				D9003EFF2EE62106004E9AF5 /* onetwentyTests */,
			);
			name = onetwentyTests;
			packageProductDependencies = (
			);
			productName = onetwentyTests;
			productReference = D9003EFC2EE62106004E9AF5 /* onetwentyTests.xctest */;
			productType = "com.apple.product-type.bundle.unit-test";
		};
		D9003F052EE62106004E9AF5 /* onetwentyUITests */ = {
			isa = PBXNativeTarget;
			buildConfigurationList = D9003F162EE62106004E9AF5 /* Build configuration list for PBXNativeTarget "onetwentyUITests" */;
			buildPhases = (
				D9003F022EE62106004E9AF5 /* Sources */,
				D9003F032EE62106004E9AF5 /* Frameworks */,
				D9003F042EE62106004E9AF5 /* Resources */,
			);
			buildRules = (
			);
			dependencies = (
				D9003F082EE62106004E9AF5 /* PBXTargetDependency */,
			);
			fileSystemSynchronizedGroups = (
				D9003F092EE62106004E9AF5 /* onetwentyUITests */,
			);
			name = onetwentyUITests;
			packageProductDependencies = (
			);
			productName = onetwentyUITests;
			productReference = D9003F062EE62106004E9AF5 /* onetwentyUITests.xctest */;
			productType = "com.apple.product-type.bundle.ui-testing";
		};
/* End PBXNativeTarget section */

/* Begin PBXProject section */
		D9003EE22EE62106004E9AF5 /* Project object */ = {
			isa = PBXProject;
			attributes = {
				BuildIndependentTargetsInParallel = 1;
				LastSwiftUpdateCheck = 2610;
				LastUpgradeCheck = 2610;
				TargetAttributes = {
					D9003EE92EE62106004E9AF5 = {
						CreatedOnToolsVersion = 26.1.1;
					};
					D9003EFB2EE62106004E9AF5 = {
						CreatedOnToolsVersion = 26.1.1;
						TestTargetID = D9003EE92EE62106004E9AF5;
					};
					D9003F052EE62106004E9AF5 = {
						CreatedOnToolsVersion = 26.1.1;
						TestTargetID = D9003EE92EE62106004E9AF5;
					};
				};
			};
			buildConfigurationList = D9003EE52EE62106004E9AF5 /* Build configuration list for PBXProject "onetwenty" */;
			developmentRegion = en;
			hasScannedForEncodings = 0;
			knownRegions = (
				en,
				Base,
			);
			mainGroup = D9003EE12EE62106004E9AF5;
			minimizedProjectReferenceProxies = 1;
			preferredProjectObjectVersion = 77;
			productRefGroup = D9003EEB2EE62106004E9AF5 /* Products */;
			projectDirPath = "";
			projectRoot = "";
			targets = (
				D9003EE92EE62106004E9AF5 /* onetwenty */,
				D9003EFB2EE62106004E9AF5 /* onetwentyTests */,
				D9003F052EE62106004E9AF5 /* onetwentyUITests */,
			);
		};
/* End PBXProject section */

/* Begin PBXResourcesBuildPhase section */
		D9003EE82EE62106004E9AF5 /* Resources */ = {
			isa = PBXResourcesBuildPhase;
			buildActionMask = 2147483647;
			files = (
			);
			runOnlyForDeploymentPostprocessing = 0;
		};
		D9003EFA2EE62106004E9AF5 /* Resources */ = {
			isa = PBXResourcesBuildPhase;
			buildActionMask = 2147483647;
			files = (
			);
			runOnlyForDeploymentPostprocessing = 0;
		};
		D9003F042EE62106004E9AF5 /* Resources */ = {
			isa = PBXResourcesBuildPhase;
			buildActionMask = 2147483647;
			files = (
			);
			runOnlyForDeploymentPostprocessing = 0;
		};
/* End PBXResourcesBuildPhase section */

/* Begin PBXSourcesBuildPhase section */
		D9003EE62EE62106004E9AF5 /* Sources */ = {
			isa = PBXSourcesBuildPhase;
			buildActionMask = 2147483647;
			files = (
			);
			runOnlyForDeploymentPostprocessing = 0;
		};
		D9003EF82EE62106004E9AF5 /* Sources */ = {
			isa = PBXSourcesBuildPhase;
			buildActionMask = 2147483647;
			files = (
			);
			runOnlyForDeploymentPostprocessing = 0;
		};
		D9003F022EE62106004E9AF5 /* Sources */ = {
			isa = PBXSourcesBuildPhase;
			buildActionMask = 2147483647;
			files = (
			);
			runOnlyForDeploymentPostprocessing = 0;
		};
/* End PBXSourcesBuildPhase section */

/* Begin PBXTargetDependency section */
		D9003EFE2EE62106004E9AF5 /* PBXTargetDependency */ = {
			isa = PBXTargetDependency;
			target = D9003EE92EE62106004E9AF5 /* onetwenty */;
			targetProxy = D9003EFD2EE62106004E9AF5 /* PBXContainerItemProxy */;
		};
		D9003F082EE62106004E9AF5 /* PBXTargetDependency */ = {
			isa = PBXTargetDependency;
			target = D9003EE92EE62106004E9AF5 /* onetwenty */;
			targetProxy = D9003F072EE62106004E9AF5 /* PBXContainerItemProxy */;
		};
/* End PBXTargetDependency section */

/* Begin XCBuildConfiguration section */
		D9003F0E2EE62106004E9AF5 /* Debug */ = {
			isa = XCBuildConfiguration;
			buildSettings = {
				ALWAYS_SEARCH_USER_PATHS = NO;
				ASSETCATALOG_COMPILER_GENERATE_SWIFT_ASSET_SYMBOL_EXTENSIONS = YES;
				CLANG_ANALYZER_NONNULL = YES;
				CLANG_ANALYZER_NUMBER_OBJECT_CONVERSION = YES_AGGRESSIVE;
				CLANG_CXX_LANGUAGE_STANDARD = "gnu++20";
				CLANG_ENABLE_MODULES = YES;
				CLANG_ENABLE_OBJC_ARC = YES;
				CLANG_ENABLE_OBJC_WEAK = YES;
				CLANG_WARN_BLOCK_CAPTURE_AUTORELEASING = YES;
				CLANG_WARN_BOOL_CONVERSION = YES;
				CLANG_WARN_COMMA = YES;
				CLANG_WARN_CONSTANT_CONVERSION = YES;
				CLANG_WARN_DEPRECATED_OBJC_IMPLEMENTATIONS = YES;
				CLANG_WARN_DIRECT_OBJC_ISA_USAGE = YES_ERROR;
				CLANG_WARN_DOCUMENTATION_COMMENTS = YES;
				CLANG_WARN_EMPTY_BODY = YES;
				CLANG_WARN_ENUM_CONVERSION = YES;
				CLANG_WARN_INFINITE_RECURSION = YES;
				CLANG_WARN_INT_CONVERSION = YES;
				CLANG_WARN_NON_LITERAL_NULL_CONVERSION = YES;
				CLANG_WARN_OBJC_IMPLICIT_RETAIN_SELF = YES;
				CLANG_WARN_OBJC_LITERAL_CONVERSION = YES;
				CLANG_WARN_OBJC_ROOT_CLASS = YES_ERROR;
				CLANG_WARN_QUOTED_INCLUDE_IN_FRAMEWORK_HEADER = YES;
				CLANG_WARN_RANGE_LOOP_ANALYSIS = YES;
				CLANG_WARN_STRICT_PROTOTYPES = YES;
				CLANG_WARN_SUSPICIOUS_MOVE = YES;
				CLANG_WARN_UNGUARDED_AVAILABILITY = YES_AGGRESSIVE;
				CLANG_WARN_UNREACHABLE_CODE = YES;
				CLANG_WARN__DUPLICATE_METHOD_MATCH = YES;
				COPY_PHASE_STRIP = NO;
				DEBUG_INFORMATION_FORMAT = dwarf;
				DEVELOPMENT_TEAM = T466VTJY3D;
				ENABLE_STRICT_OBJC_MSGSEND = YES;
				ENABLE_TESTABILITY = YES;
				ENABLE_USER_SCRIPT_SANDBOXING = YES;
				GCC_C_LANGUAGE_STANDARD = gnu17;
				GCC_DYNAMIC_NO_PIC = NO;
				GCC_NO_COMMON_BLOCKS = YES;
				GCC_OPTIMIZATION_LEVEL = 0;
				GCC_PREPROCESSOR_DEFINITIONS = (
					"DEBUG=1",
					"$(inherited)",
				);
				GCC_WARN_64_TO_32_BIT_CONVERSION = YES;
				GCC_WARN_ABOUT_RETURN_TYPE = YES_ERROR;
				GCC_WARN_UNDECLARED_SELECTOR = YES;
				GCC_WARN_UNINITIALIZED_AUTOS = YES_AGGRESSIVE;
				GCC_WARN_UNUSED_FUNCTION = YES;
				GCC_WARN_UNUSED_VARIABLE = YES;
				LOCALIZATION_PREFERS_STRING_CATALOGS = YES;
				MACOSX_DEPLOYMENT_TARGET = 26.1;
				MTL_ENABLE_DEBUG_INFO = INCLUDE_SOURCE;
				MTL_FAST_MATH = YES;
				ONLY_ACTIVE_ARCH = YES;
				SDKROOT = macosx;
				SWIFT_ACTIVE_COMPILATION_CONDITIONS = "DEBUG $(inherited)";
				SWIFT_OPTIMIZATION_LEVEL = "-Onone";
			};
			name = Debug;
		};
		D9003F0F2EE62106004E9AF5 /* Release */ = {
			isa = XCBuildConfiguration;
			buildSettings = {
				ALWAYS_SEARCH_USER_PATHS = NO;
				ASSETCATALOG_COMPILER_GENERATE_SWIFT_ASSET_SYMBOL_EXTENSIONS = YES;
				CLANG_ANALYZER_NONNULL = YES;
				CLANG_ANALYZER_NUMBER_OBJECT_CONVERSION = YES_AGGRESSIVE;
				CLANG_CXX_LANGUAGE_STANDARD = "gnu++20";
				CLANG_ENABLE_MODULES = YES;
				CLANG_ENABLE_OBJC_ARC = YES;
				CLANG_ENABLE_OBJC_WEAK = YES;
				CLANG_WARN_BLOCK_CAPTURE_AUTORELEASING = YES;
				CLANG_WARN_BOOL_CONVERSION = YES;
				CLANG_WARN_COMMA = YES;
				CLANG_WARN_CONSTANT_CONVERSION = YES;
				CLANG_WARN_DEPRECATED_OBJC_IMPLEMENTATIONS = YES;
				CLANG_WARN_DIRECT_OBJC_ISA_USAGE = YES_ERROR;
				CLANG_WARN_DOCUMENTATION_COMMENTS = YES;
				CLANG_WARN_EMPTY_BODY = YES;
				CLANG_WARN_ENUM_CONVERSION = YES;
				CLANG_WARN_INFINITE_RECURSION = YES;
				CLANG_WARN_INT_CONVERSION = YES;
				CLANG_WARN_NON_LITERAL_NULL_CONVERSION = YES;
				CLANG_WARN_OBJC_IMPLICIT_RETAIN_SELF = YES;
				CLANG_WARN_OBJC_LITERAL_CONVERSION = YES;
				CLANG_WARN_OBJC_ROOT_CLASS = YES_ERROR;
				CLANG_WARN_QUOTED_INCLUDE_IN_FRAMEWORK_HEADER = YES;
				CLANG_WARN_RANGE_LOOP_ANALYSIS = YES;
				CLANG_WARN_STRICT_PROTOTYPES = YES;
				CLANG_WARN_SUSPICIOUS_MOVE = YES;
				CLANG_WARN_UNGUARDED_AVAILABILITY = YES_AGGRESSIVE;
				CLANG_WARN_UNREACHABLE_CODE = YES;
				CLANG_WARN__DUPLICATE_METHOD_MATCH = YES;
				COPY_PHASE_STRIP = NO;
				DEBUG_INFORMATION_FORMAT = "dwarf-with-dsym";
				DEVELOPMENT_TEAM = T466VTJY3D;
				ENABLE_NS_ASSERTIONS = NO;
				ENABLE_STRICT_OBJC_MSGSEND = YES;
				ENABLE_USER_SCRIPT_SANDBOXING = YES;
				GCC_C_LANGUAGE_STANDARD = gnu17;
				GCC_NO_COMMON_BLOCKS = YES;
				GCC_WARN_64_TO_32_BIT_CONVERSION = YES;
				GCC_WARN_ABOUT_RETURN_TYPE = YES_ERROR;
				GCC_WARN_UNDECLARED_SELECTOR = YES;
				GCC_WARN_UNINITIALIZED_AUTOS = YES_AGGRESSIVE;
				GCC_WARN_UNUSED_FUNCTION = YES;
				GCC_WARN_UNUSED_VARIABLE = YES;
				LOCALIZATION_PREFERS_STRING_CATALOGS = YES;
				MACOSX_DEPLOYMENT_TARGET = 26.1;
				MTL_ENABLE_DEBUG_INFO = NO;
				MTL_FAST_MATH = YES;
				SDKROOT = macosx;
				SWIFT_COMPILATION_MODE = wholemodule;
			};
			name = Release;
		};
		D9003F112EE62106004E9AF5 /* Debug */ = {
			isa = XCBuildConfiguration;
			buildSettings = {
				ASSETCATALOG_COMPILER_APPICON_NAME = AppIcon;
				ASSETCATALOG_COMPILER_GLOBAL_ACCENT_COLOR_NAME = AccentColor;
				CODE_SIGN_STYLE = Automatic;
				COMBINE_HIDPI_IMAGES = YES;
				CURRENT_PROJECT_VERSION = 1;
				DEVELOPMENT_TEAM = T466VTJY3D;
				ENABLE_APP_SANDBOX = YES;
				ENABLE_HARDENED_RUNTIME = YES;
				ENABLE_PREVIEWS = YES;
				ENABLE_USER_SELECTED_FILES = readonly;
				GENERATE_INFOPLIST_FILE = YES;
                               INFOPLIST_KEY_NSHumanReadableCopyright = "";
                               INFOPLIST_KEY_NSMicrophoneUsageDescription = "Microphone access is needed for voice dictation.";
                               INFOPLIST_KEY_NSSpeechRecognitionUsageDescription = "Speech recognition is used to transcribe your notes.";
				LD_RUNPATH_SEARCH_PATHS = (
					"$(inherited)",
					"@executable_path/../Frameworks",
				);
				MARKETING_VERSION = 1.0;
				PRODUCT_BUNDLE_IDENTIFIER = app.onetwenty.www.onetwenty;
				PRODUCT_NAME = "$(TARGET_NAME)";
				REGISTER_APP_GROUPS = YES;
				STRING_CATALOG_GENERATE_SYMBOLS = YES;
				SWIFT_APPROACHABLE_CONCURRENCY = YES;
				SWIFT_DEFAULT_ACTOR_ISOLATION = MainActor;
				SWIFT_EMIT_LOC_STRINGS = YES;
				SWIFT_UPCOMING_FEATURE_MEMBER_IMPORT_VISIBILITY = YES;
				SWIFT_VERSION = 5.0;
			};
			name = Debug;
		};
		D9003F122EE62106004E9AF5 /* Release */ = {
			isa = XCBuildConfiguration;
			buildSettings = {
				ASSETCATALOG_COMPILER_APPICON_NAME = AppIcon;
				ASSETCATALOG_COMPILER_GLOBAL_ACCENT_COLOR_NAME = AccentColor;
				CODE_SIGN_STYLE = Automatic;
				COMBINE_HIDPI_IMAGES = YES;
				CURRENT_PROJECT_VERSION = 1;
				DEVELOPMENT_TEAM = T466VTJY3D;
				ENABLE_APP_SANDBOX = YES;
				ENABLE_HARDENED_RUNTIME = YES;
				ENABLE_PREVIEWS = YES;
				ENABLE_USER_SELECTED_FILES = readonly;
				GENERATE_INFOPLIST_FILE = YES;
                               INFOPLIST_KEY_NSHumanReadableCopyright = "";
                               INFOPLIST_KEY_NSMicrophoneUsageDescription = "Microphone access is needed for voice dictation.";
                               INFOPLIST_KEY_NSSpeechRecognitionUsageDescription = "Speech recognition is used to transcribe your notes.";
				LD_RUNPATH_SEARCH_PATHS = (
					"$(inherited)",
					"@executable_path/../Frameworks",
				);
				MARKETING_VERSION = 1.0;
				PRODUCT_BUNDLE_IDENTIFIER = app.onetwenty.www.onetwenty;
				PRODUCT_NAME = "$(TARGET_NAME)";
				REGISTER_APP_GROUPS = YES;
				STRING_CATALOG_GENERATE_SYMBOLS = YES;
				SWIFT_APPROACHABLE_CONCURRENCY = YES;
				SWIFT_DEFAULT_ACTOR_ISOLATION = MainActor;
				SWIFT_EMIT_LOC_STRINGS = YES;
				SWIFT_UPCOMING_FEATURE_MEMBER_IMPORT_VISIBILITY = YES;
				SWIFT_VERSION = 5.0;
			};
			name = Release;
		};
		D9003F142EE62106004E9AF5 /* Debug */ = {
			isa = XCBuildConfiguration;
			buildSettings = {
				BUNDLE_LOADER = "$(TEST_HOST)";
				CODE_SIGN_STYLE = Automatic;
				CURRENT_PROJECT_VERSION = 1;
				DEVELOPMENT_TEAM = T466VTJY3D;
				GENERATE_INFOPLIST_FILE = YES;
				MACOSX_DEPLOYMENT_TARGET = 26.1;
				MARKETING_VERSION = 1.0;
				PRODUCT_BUNDLE_IDENTIFIER = app.onetwenty.www.onetwentyTests;
				PRODUCT_NAME = "$(TARGET_NAME)";
				STRING_CATALOG_GENERATE_SYMBOLS = NO;
				SWIFT_APPROACHABLE_CONCURRENCY = YES;
				SWIFT_EMIT_LOC_STRINGS = NO;
				SWIFT_UPCOMING_FEATURE_MEMBER_IMPORT_VISIBILITY = YES;
				SWIFT_VERSION = 5.0;
				TEST_HOST = "$(BUILT_PRODUCTS_DIR)/onetwenty.app/$(BUNDLE_EXECUTABLE_FOLDER_PATH)/onetwenty";
			};
			name = Debug;
		};
		D9003F152EE62106004E9AF5 /* Release */ = {
			isa = XCBuildConfiguration;
			buildSettings = {
				BUNDLE_LOADER = "$(TEST_HOST)";
				CODE_SIGN_STYLE = Automatic;
				CURRENT_PROJECT_VERSION = 1;
				DEVELOPMENT_TEAM = T466VTJY3D;
				GENERATE_INFOPLIST_FILE = YES;
				MACOSX_DEPLOYMENT_TARGET = 26.1;
				MARKETING_VERSION = 1.0;
				PRODUCT_BUNDLE_IDENTIFIER = app.onetwenty.www.onetwentyTests;
				PRODUCT_NAME = "$(TARGET_NAME)";
				STRING_CATALOG_GENERATE_SYMBOLS = NO;
				SWIFT_APPROACHABLE_CONCURRENCY = YES;
				SWIFT_EMIT_LOC_STRINGS = NO;
				SWIFT_UPCOMING_FEATURE_MEMBER_IMPORT_VISIBILITY = YES;
				SWIFT_VERSION = 5.0;
				TEST_HOST = "$(BUILT_PRODUCTS_DIR)/onetwenty.app/$(BUNDLE_EXECUTABLE_FOLDER_PATH)/onetwenty";
			};
			name = Release;
		};
		D9003F172EE62106004E9AF5 /* Debug */ = {
			isa = XCBuildConfiguration;
			buildSettings = {
				CODE_SIGN_STYLE = Automatic;
				CURRENT_PROJECT_VERSION = 1;
				DEVELOPMENT_TEAM = T466VTJY3D;
				GENERATE_INFOPLIST_FILE = YES;
				MARKETING_VERSION = 1.0;
				PRODUCT_BUNDLE_IDENTIFIER = app.onetwenty.www.onetwentyUITests;
				PRODUCT_NAME = "$(TARGET_NAME)";
				STRING_CATALOG_GENERATE_SYMBOLS = NO;
				SWIFT_APPROACHABLE_CONCURRENCY = YES;
				SWIFT_EMIT_LOC_STRINGS = NO;
				SWIFT_UPCOMING_FEATURE_MEMBER_IMPORT_VISIBILITY = YES;
				SWIFT_VERSION = 5.0;
				TEST_TARGET_NAME = onetwenty;
			};
			name = Debug;
		};
		D9003F182EE62106004E9AF5 /* Release */ = {
			isa = XCBuildConfiguration;
			buildSettings = {
				CODE_SIGN_STYLE = Automatic;
				CURRENT_PROJECT_VERSION = 1;
				DEVELOPMENT_TEAM = T466VTJY3D;
				GENERATE_INFOPLIST_FILE = YES;
				MARKETING_VERSION = 1.0;
				PRODUCT_BUNDLE_IDENTIFIER = app.onetwenty.www.onetwentyUITests;
				PRODUCT_NAME = "$(TARGET_NAME)";
				STRING_CATALOG_GENERATE_SYMBOLS = NO;
				SWIFT_APPROACHABLE_CONCURRENCY = YES;
				SWIFT_EMIT_LOC_STRINGS = NO;
				SWIFT_UPCOMING_FEATURE_MEMBER_IMPORT_VISIBILITY = YES;
				SWIFT_VERSION = 5.0;
				TEST_TARGET_NAME = onetwenty;
			};
			name = Release;
		};
/* End XCBuildConfiguration section */

/* Begin XCConfigurationList section */
		D9003EE52EE62106004E9AF5 /* Build configuration list for PBXProject "onetwenty" */ = {
			isa = XCConfigurationList;
			buildConfigurations = (
				D9003F0E2EE62106004E9AF5 /* Debug */,
				D9003F0F2EE62106004E9AF5 /* Release */,
			);
			defaultConfigurationIsVisible = 0;
			defaultConfigurationName = Release;
		};
		D9003F102EE62106004E9AF5 /* Build configuration list for PBXNativeTarget "onetwenty" */ = {
			isa = XCConfigurationList;
			buildConfigurations = (
				D9003F112EE62106004E9AF5 /* Debug */,
				D9003F122EE62106004E9AF5 /* Release */,
			);
			defaultConfigurationIsVisible = 0;
			defaultConfigurationName = Release;
		};
		D9003F132EE62106004E9AF5 /* Build configuration list for PBXNativeTarget "onetwentyTests" */ = {
			isa = XCConfigurationList;
			buildConfigurations = (
				D9003F142EE62106004E9AF5 /* Debug */,
				D9003F152EE62106004E9AF5 /* Release */,
			);
			defaultConfigurationIsVisible = 0;
			defaultConfigurationName = Release;
		};
		D9003F162EE62106004E9AF5 /* Build configuration list for PBXNativeTarget "onetwentyUITests" */ = {
			isa = XCConfigurationList;
			buildConfigurations = (
				D9003F172EE62106004E9AF5 /* Debug */,
				D9003F182EE62106004E9AF5 /* Release */,
			);
			defaultConfigurationIsVisible = 0;
			defaultConfigurationName = Release;
		};
/* End XCConfigurationList section */
	};
	rootObject = D9003EE22EE62106004E9AF5 /* Project object */;
}
